{
  "name": "express-view-streaming",
  "version": "1.0.0",
  "lockfileVersion": 1,
  "requires": true,
  "dependencies": {
    "accepts": {
      "version": "1.3.5",
      "resolved": "http://r.cnpmjs.org/accepts/download/accepts-1.3.5.tgz",
      "integrity": "sha1-63d99gEXI6OxTopywIBcjoZ0a9I=",
      "requires": {
        "mime-types": "~2.1.18",
        "negotiator": "0.6.1"
      }
    },
    "app-module-path": {
      "version": "1.1.0",
      "resolved": "http://r.cnpmjs.org/app-module-path/download/app-module-path-1.1.0.tgz",
      "integrity": "sha1-pqxTaEUPIJufW4bpo+Smq2/nUxw="
    },
    "app-root-dir": {
      "version": "1.0.2",
      "resolved": "http://r.cnpmjs.org/app-root-dir/download/app-root-dir-1.0.2.tgz",
      "integrity": "sha1-OBh+wt6nV3//Az/8sSFyaS/24Rg="
    },
    "array-flatten": {
      "version": "1.1.1",
      "resolved": "http://r.cnpmjs.org/array-flatten/download/array-flatten-1.1.1.tgz",
      "integrity": "sha1-ml9pkFGx5wczKPKgCJaLZOopVdI="
    },
    "async-writer": {
      "version": "1.4.5",
      "resolved": "http://r.cnpmjs.org/async-writer/download/async-writer-1.4.5.tgz",
      "integrity": "sha1-ilUnuUk+WffzGkpHGE4OoS6/KD8=",
      "requires": {
        "events": "^1.0.2"
      }
    },
    "body-parser": {
      "version": "1.18.3",
      "resolved": "http://r.cnpmjs.org/body-parser/download/body-parser-1.18.3.tgz",
      "integrity": "sha1-WykhmP/dVTs6DyDe0FkrlWlVyLQ=",
      "requires": {
        "bytes": "3.0.0",
        "content-type": "~1.0.4",
        "debug": "2.6.9",
        "depd": "~1.1.2",
        "http-errors": "~1.6.3",
        "iconv-lite": "0.4.23",
        "on-finished": "~2.3.0",
        "qs": "6.5.2",
        "raw-body": "2.3.3",
        "type-is": "~1.6.16"
      }
    },
    "browser-refresh-client": {
      "version": "1.1.4",
      "resolved": "http://r.cnpmjs.org/browser-refresh-client/download/browser-refresh-client-1.1.4.tgz",
      "integrity": "sha1-jl/4R1/h1UHSroH3oa6gWuIaYhc="
    },
    "bytes": {
      "version": "3.0.0",
      "resolved": "http://r.cnpmjs.org/bytes/download/bytes-3.0.0.tgz",
      "integrity": "sha1-0ygVQE1olpn4Wk6k+odV3ROpYEg="
    },
    "char-props": {
      "version": "0.1.5",
      "resolved": "http://r.cnpmjs.org/char-props/download/char-props-0.1.5.tgz",
      "integrity": "sha1-W5UvniDqIc0Iyn/hNaEPb+kcEJ4="
    },
    "complain": {
      "version": "1.3.0",
      "resolved": "http://r.cnpmjs.org/complain/download/complain-1.3.0.tgz",
      "integrity": "sha1-oYLVADSJEmwDi7+YuQaGasv6d7I=",
      "requires": {
        "error-stack-parser": "^2.0.1"
      }
    },
    "content-disposition": {
      "version": "0.5.2",
      "resolved": "http://r.cnpmjs.org/content-disposition/download/content-disposition-0.5.2.tgz",
      "integrity": "sha1-DPaLud318r55YcOoUXjLhdunjLQ="
    },
    "content-type": {
      "version": "1.0.4",
      "resolved": "http://r.cnpmjs.org/content-type/download/content-type-1.0.4.tgz",
      "integrity": "sha1-4TjMdeBAxyexlm/l5fjJruJW/js="
    },
    "cookie": {
      "version": "0.3.1",
      "resolved": "http://r.cnpmjs.org/cookie/download/cookie-0.3.1.tgz",
      "integrity": "sha1-5+Ch+e9DtMi6klxcWpboBtFoc7s="
    },
    "cookie-signature": {
      "version": "1.0.6",
      "resolved": "http://r.cnpmjs.org/cookie-signature/download/cookie-signature-1.0.6.tgz",
      "integrity": "sha1-4wOogrNCzD7oylE6eZmXNNqzriw="
    },
    "debug": {
      "version": "2.6.9",
      "resolved": "http://r.cnpmjs.org/debug/download/debug-2.6.9.tgz",
      "integrity": "sha1-XRKFFd8TT/Mn6QpMk/Tgd6U2NB8=",
      "requires": {
        "ms": "2.0.0"
      }
    },
    "depd": {
      "version": "1.1.2",
      "resolved": "http://r.cnpmjs.org/depd/download/depd-1.1.2.tgz",
      "integrity": "sha1-m81S4UwJd2PnSbJ0xDRu0uVgtak="
    },
    "destroy": {
      "version": "1.0.4",
      "resolved": "http://r.cnpmjs.org/destroy/download/destroy-1.0.4.tgz",
      "integrity": "sha1-l4hXRCxEdJ5CBmE+N5RiBYJqvYA="
    },
    "dom-serializer": {
      "version": "0.1.0",
      "resolved": "http://r.cnpmjs.org/dom-serializer/download/dom-serializer-0.1.0.tgz",
      "integrity": "sha1-BzxpdUbOB4DOI75KKOKT5AvDDII=",
      "requires": {
        "domelementtype": "~1.1.1",
        "entities": "~1.1.1"
      },
      "dependencies": {
        "domelementtype": {
          "version": "1.1.3",
          "resolved": "http://r.cnpmjs.org/domelementtype/download/domelementtype-1.1.3.tgz",
          "integrity": "sha1-vSh3PiZCiBrsUVRJJCmcXNgiGFs="
        }
      }
    },
    "domelementtype": {
      "version": "1.3.1",
      "resolved": "http://r.cnpmjs.org/domelementtype/download/domelementtype-1.3.1.tgz",
      "integrity": "sha1-0EjESzew0Qp/Kj1f7j9DM9eQSB8="
    },
    "domhandler": {
      "version": "2.4.2",
      "resolved": "http://r.cnpmjs.org/domhandler/download/domhandler-2.4.2.tgz",
      "integrity": "sha1-iAUJfpM9ZehVRvcm1g9euItE+AM=",
      "requires": {
        "domelementtype": "1"
      }
    },
    "domutils": {
      "version": "1.7.0",
      "resolved": "http://r.cnpmjs.org/domutils/download/domutils-1.7.0.tgz",
      "integrity": "sha1-Vuo0HoNOBuZ0ivehyyXaZ+qfjCo=",
      "requires": {
        "dom-serializer": "0",
        "domelementtype": "1"
      }
    },
    "ee-first": {
      "version": "1.1.1",
      "resolved": "http://r.cnpmjs.org/ee-first/download/ee-first-1.1.1.tgz",
      "integrity": "sha1-WQxhFWsK4vTwJVcyoViyZrxWsh0="
    },
    "encodeurl": {
      "version": "1.0.2",
      "resolved": "http://r.cnpmjs.org/encodeurl/download/encodeurl-1.0.2.tgz",
      "integrity": "sha1-rT/0yG7C0CkyL1oCw6mmBslbP1k="
    },
    "entities": {
      "version": "1.1.2",
      "resolved": "http://r.cnpmjs.org/entities/download/entities-1.1.2.tgz",
      "integrity": "sha1-vfpzUplmTfr9NFKe1PhSKidf6lY="
    },
    "error-stack-parser": {
      "version": "2.0.2",
      "resolved": "http://r.cnpmjs.org/error-stack-parser/download/error-stack-parser-2.0.2.tgz",
      "integrity": "sha1-Sujbqiv5CotFBwe5FJ3KvKE1Ug0=",
      "requires": {
        "stackframe": "^1.0.4"
      }
    },
    "escape-html": {
      "version": "1.0.3",
      "resolved": "http://r.cnpmjs.org/escape-html/download/escape-html-1.0.3.tgz",
      "integrity": "sha1-Aljq5NPQwJdN4cFpGI7wBR0dGYg="
    },
    "etag": {
      "version": "1.8.1",
      "resolved": "http://r.cnpmjs.org/etag/download/etag-1.8.1.tgz",
      "integrity": "sha1-Qa4u62XvpiJorr/qg6x9eSmbCIc="
    },
    "events": {
      "version": "1.1.1",
      "resolved": "http://r.cnpmjs.org/events/download/events-1.1.1.tgz",
      "integrity": "sha1-nr23Y1rQmccNzEwqH1AEKI6L2SQ="
    },
    "express": {
      "version": "4.16.4",
      "resolved": "http://r.cnpmjs.org/express/download/express-4.16.4.tgz",
      "integrity": "sha1-/d72GSYQniTFFeqX/S8b2/Yt8S4=",
      "requires": {
        "accepts": "~1.3.5",
        "array-flatten": "1.1.1",
        "body-parser": "1.18.3",
        "content-disposition": "0.5.2",
        "content-type": "~1.0.4",
        "cookie": "0.3.1",
        "cookie-signature": "1.0.6",
        "debug": "2.6.9",
        "depd": "~1.1.2",
        "encodeurl": "~1.0.2",
        "escape-html": "~1.0.3",
        "etag": "~1.8.1",
        "finalhandler": "1.1.1",
        "fresh": "0.5.2",
        "merge-descriptors": "1.0.1",
        "methods": "~1.1.2",
        "on-finished": "~2.3.0",
        "parseurl": "~1.3.2",
        "path-to-regexp": "0.1.7",
        "proxy-addr": "~2.0.4",
        "qs": "6.5.2",
        "range-parser": "~1.2.0",
        "safe-buffer": "5.1.2",
        "send": "0.16.2",
        "serve-static": "1.13.2",
        "setprototypeof": "1.1.0",
        "statuses": "~1.4.0",
        "type-is": "~1.6.16",
        "utils-merge": "1.0.1",
        "vary": "~1.1.2"
      }
    },
    "finalhandler": {
      "version": "1.1.1",
      "resolved": "http://r.cnpmjs.org/finalhandler/download/finalhandler-1.1.1.tgz",
      "integrity": "sha1-7r9O2EAHnIP0JJA4ydcDAIMBsQU=",
      "requires": {
        "debug": "2.6.9",
        "encodeurl": "~1.0.2",
        "escape-html": "~1.0.3",
        "on-finished": "~2.3.0",
        "parseurl": "~1.3.2",
        "statuses": "~1.4.0",
        "unpipe": "~1.0.0"
      }
    },
    "forwarded": {
      "version": "0.1.2",
      "resolved": "http://r.cnpmjs.org/forwarded/download/forwarded-0.1.2.tgz",
      "integrity": "sha1-mMI9qxF1ZXuMBXPozszZGw/xjIQ="
    },
    "fresh": {
      "version": "0.5.2",
      "resolved": "http://r.cnpmjs.org/fresh/download/fresh-0.5.2.tgz",
      "integrity": "sha1-PYyt2Q2XZWn6g1qx+OSyOhBWBac="
    },
    "htmlparser2": {
      "version": "3.10.0",
      "resolved": "http://r.cnpmjs.org/htmlparser2/download/htmlparser2-3.10.0.tgz",
      "integrity": "sha1-X15CLc9hGcDZg+02Jgzp3tC+5GQ=",
      "requires": {
        "domelementtype": "^1.3.0",
        "domhandler": "^2.3.0",
        "domutils": "^1.5.1",
        "entities": "^1.1.1",
        "inherits": "^2.0.1",
        "readable-stream": "^3.0.6"
      }
    },
    "http-errors": {
      "version": "1.6.3",
      "resolved": "http://r.cnpmjs.org/http-errors/download/http-errors-1.6.3.tgz",
      "integrity": "sha1-i1VoC7S+KDoLW/TqLjhYC+HZMg0=",
      "requires": {
        "depd": "~1.1.2",
        "inherits": "2.0.3",
        "setprototypeof": "1.1.0",
        "statuses": ">= 1.4.0 < 2"
      }
    },
    "iconv-lite": {
      "version": "0.4.23",
      "resolved": "http://r.cnpmjs.org/iconv-lite/download/iconv-lite-0.4.23.tgz",
      "integrity": "sha1-KXhx9jvlB63Pv8pxXQzQ7thOmmM=",
      "requires": {
        "safer-buffer": ">= 2.1.2 < 3"
      }
    },
    "inherits": {
      "version": "2.0.3",
      "resolved": "http://r.cnpmjs.org/inherits/download/inherits-2.0.3.tgz",
      "integrity": "sha1-Yzwsg+PaQqUC9SRmAiSA9CCCYd4="
    },
    "ipaddr.js": {
      "version": "1.8.0",
      "resolved": "http://r.cnpmjs.org/ipaddr.js/download/ipaddr.js-1.8.0.tgz",
      "integrity": "sha1-6qM9bd16zo9/b+DJygRA5wZzix4="
    },
    "lru-cache": {
      "version": "2.7.3",
      "resolved": "http://r.cnpmjs.org/lru-cache/download/lru-cache-2.7.3.tgz",
      "integrity": "sha1-bUUk6LlV+V1PW1iFHOId1y+06VI="
    },
    "marko": {
      "version": "1.6.11",
      "resolved": "http://r.cnpmjs.org/marko/download/marko-1.6.11.tgz",
      "integrity": "sha1-6xcOw0ch5POJLdrv+EFUfgLpOz0=",
      "requires": {
        "app-module-path": "^1.0.0",
        "async-writer": "^1.1.2",
        "browser-refresh-client": "^1.0.0",
        "char-props": "~0.1.5",
        "events": "^1.0.2",
        "htmlparser2": "^3.7.2",
        "marko-async": "^2.0.0",
        "marko-layout": "^2.0.0",
        "minimatch": "^0.2.14",
        "property-handlers": "^1.0.0",
        "raptor-args": "^1.0.0",
        "raptor-json": "^1.0.1",
        "raptor-logging": "^1.0.1",
        "raptor-modules": "^1.0.5",
        "raptor-polyfill": "^1.0.0",
        "raptor-promises": "^1.0.1",
        "raptor-regexp": "^1.0.0",
        "raptor-renderer": "^1.1.10",
        "raptor-strings": "^1.0.0",
        "raptor-util": "^1.0.0",
        "resolve-from": "^1.0.0",
        "sax": "^0.6.0"
      }
    },
    "marko-async": {
      "version": "2.2.2",
      "resolved": "http://r.cnpmjs.org/marko-async/download/marko-async-2.2.2.tgz",
      "integrity": "sha1-Pq74N/URY9y66Jmmo55IqKJMD+s=",
      "requires": {
        "async-writer": "^1.2.4",
        "raptor-async": "^1.0.1",
        "raptor-dust": "^1.1.2",
        "raptor-logging": "^1.0.1"
      }
    },
    "marko-layout": {
      "version": "2.0.2",
      "resolved": "http://r.cnpmjs.org/marko-layout/download/marko-layout-2.0.2.tgz",
      "integrity": "sha1-PsY6xYNCjwxVhmj0AN1+i7+7Xj8=",
      "requires": {
        "raptor-dust": "^1.1.2",
        "raptor-polyfill": "^1.0.0",
        "raptor-util": "^1.0.0"
      }
    },
    "media-typer": {
      "version": "0.3.0",
      "resolved": "http://r.cnpmjs.org/media-typer/download/media-typer-0.3.0.tgz",
      "integrity": "sha1-hxDXrwqmJvj/+hzgAWhUUmMlV0g="
    },
    "merge-descriptors": {
      "version": "1.0.1",
      "resolved": "http://r.cnpmjs.org/merge-descriptors/download/merge-descriptors-1.0.1.tgz",
      "integrity": "sha1-sAqqVW3YtEVoFQ7J0blT8/kMu2E="
    },
    "methods": {
      "version": "1.1.2",
      "resolved": "http://r.cnpmjs.org/methods/download/methods-1.1.2.tgz",
      "integrity": "sha1-VSmk1nZUE07cxSZmVoNbD4Ua/O4="
    },
    "mime": {
      "version": "1.4.1",
      "resolved": "http://r.cnpmjs.org/mime/download/mime-1.4.1.tgz",
      "integrity": "sha1-Eh+evEnjdm8xGnbh+hyAA8SwOqY="
    },
    "mime-db": {
      "version": "1.37.0",
      "resolved": "http://r.cnpmjs.org/mime-db/download/mime-db-1.37.0.tgz",
      "integrity": "sha1-C2oM5v2+lXbiXx8tL96IMNwK0Ng="
    },
    "mime-types": {
      "version": "2.1.21",
      "resolved": "http://r.cnpmjs.org/mime-types/download/mime-types-2.1.21.tgz",
      "integrity": "sha1-KJlaoey3cHQv5q5+WPkYHHRLP5Y=",
      "requires": {
        "mime-db": "~1.37.0"
      }
    },
    "minimatch": {
      "version": "0.2.14",
      "resolved": "http://r.cnpmjs.org/minimatch/download/minimatch-0.2.14.tgz",
      "integrity": "sha1-x054BXT2PG+aCQ6Q775u9TpqdWo=",
      "requires": {
        "lru-cache": "2",
        "sigmund": "~1.0.0"
      }
    },
    "ms": {
      "version": "2.0.0",
      "resolved": "http://r.cnpmjs.org/ms/download/ms-2.0.0.tgz",
      "integrity": "sha1-VgiurfwAvmwpAd9fmGF4jeDVl8g="
    },
    "negotiator": {
      "version": "0.6.1",
      "resolved": "http://r.cnpmjs.org/negotiator/download/negotiator-0.6.1.tgz",
      "integrity": "sha1-KzJxhOiZIQEXeyhWP7XnECrNDKk="
    },
    "on-finished": {
      "version": "2.3.0",
      "resolved": "http://r.cnpmjs.org/on-finished/download/on-finished-2.3.0.tgz",
      "integrity": "sha1-IPEzZIGwg811M3mSoWlxqi2QaUc=",
      "requires": {
        "ee-first": "1.1.1"
      }
    },
    "parseurl": {
      "version": "1.3.2",
      "resolved": "http://r.cnpmjs.org/parseurl/download/parseurl-1.3.2.tgz",
      "integrity": "sha1-/CidTtiZMRlGDBViUyYs3I3mW/M="
    },
    "path-to-regexp": {
      "version": "0.1.7",
      "resolved": "http://r.cnpmjs.org/path-to-regexp/download/path-to-regexp-0.1.7.tgz",
      "integrity": "sha1-32BBeABfUi8V60SQ5yR6G/qmf4w="
    },
    "property-handlers": {
      "version": "1.1.1",
      "resolved": "http://r.cnpmjs.org/property-handlers/download/property-handlers-1.1.1.tgz",
      "integrity": "sha1-yyDTIqq32U//rCj0bJGGvVlHtLQ="
    },
    "proxy-addr": {
      "version": "2.0.4",
      "resolved": "http://r.cnpmjs.org/proxy-addr/download/proxy-addr-2.0.4.tgz",
      "integrity": "sha1-7PxzO/Iv+Mb0B/onUye5q2fki5M=",
      "requires": {
        "forwarded": "~0.1.2",
        "ipaddr.js": "1.8.0"
      }
    },
    "q": {
      "version": "1.5.1",
      "resolved": "http://r.cnpmjs.org/q/download/q-1.5.1.tgz",
      "integrity": "sha1-fjL3W0E4EpHQRhHxvxQQmsAGUdc="
    },
    "qs": {
      "version": "6.5.2",
      "resolved": "http://r.cnpmjs.org/qs/download/qs-6.5.2.tgz",
      "integrity": "sha1-yzroBuh0BERYTvFUzo7pjUA/PjY="
    },
    "range-parser": {
      "version": "1.2.0",
      "resolved": "http://r.cnpmjs.org/range-parser/download/range-parser-1.2.0.tgz",
      "integrity": "sha1-9JvmtIeJTdxA3MlKMi9hEJLgDV4="
    },
    "raptor-args": {
      "version": "1.0.3",
      "resolved": "http://r.cnpmjs.org/raptor-args/download/raptor-args-1.0.3.tgz",
      "integrity": "sha1-4JbOXA+d5eCEhheni/+s6UxU3IY="
    },
    "raptor-async": {
      "version": "1.1.3",
      "resolved": "http://r.cnpmjs.org/raptor-async/download/raptor-async-1.1.3.tgz",
      "integrity": "sha1-uDw8m2A9yYXCw6n3jStAc+b2Akw="
    },
    "raptor-dom": {
      "version": "1.1.1",
      "resolved": "http://r.cnpmjs.org/raptor-dom/download/raptor-dom-1.1.1.tgz",
      "integrity": "sha1-Xt4wpy3A+ZeiwXMfwfLESz+1rFo=",
      "requires": {
        "raptor-pubsub": "^1.0.5"
      }
    },
    "raptor-dust": {
      "version": "1.1.12",
      "resolved": "http://r.cnpmjs.org/raptor-dust/download/raptor-dust-1.1.12.tgz",
      "integrity": "sha1-/ZDKqnXxweZ5lYes7GT6FL/39Dk=",
      "requires": {
        "async-writer": "^1.1.0",
        "raptor-util": "^1.0.0"
      }
    },
    "raptor-json": {
      "version": "1.1.0",
      "resolved": "http://r.cnpmjs.org/raptor-json/download/raptor-json-1.1.0.tgz",
      "integrity": "sha1-cL0JsU5k99MuxQzOg3fWApwPCHY=",
      "requires": {
        "raptor-strings": "^1.0.0"
      }
    },
    "raptor-logging": {
      "version": "1.1.3",
      "resolved": "http://r.cnpmjs.org/raptor-logging/download/raptor-logging-1.1.3.tgz",
      "integrity": "sha1-a9iENjKILlY4eqU7yvy+usppXKE=",
      "requires": {
        "raptor-polyfill": "^1.0.0",
        "raptor-stacktraces": "^1.0.0"
      }
    },
    "raptor-modules": {
      "version": "1.3.3",
      "resolved": "http://r.cnpmjs.org/raptor-modules/download/raptor-modules-1.3.3.tgz",
      "integrity": "sha1-DmaQ82+8B+WCRSAhCprkOqXVSkM=",
      "requires": {
        "app-module-path": "^1.0.0",
        "app-root-dir": "^1.0.0",
        "raptor-async": "^1.0.0",
        "raptor-logging": "^1.0.1",
        "raptor-polyfill": "^1.0.0",
        "raptor-promises": "^1.0.1",
        "raptor-util": "^1.0.0",
        "resolve-from": "^1.0.1",
        "through": "^2.3.4"
      }
    },
    "raptor-polyfill": {
      "version": "1.1.0",
      "resolved": "http://r.cnpmjs.org/raptor-polyfill/download/raptor-polyfill-1.1.0.tgz",
      "integrity": "sha1-jS3hKYxZ7oBHULb/nGh95i7yHmo="
    },
    "raptor-promises": {
      "version": "1.0.3",
      "resolved": "http://r.cnpmjs.org/raptor-promises/download/raptor-promises-1.0.3.tgz",
      "integrity": "sha1-1XaxEOBCNlT3/fFyHijULk3DwOs=",
      "requires": {
        "q": "^1.0.1",
        "raptor-util": "^1.0.0"
      }
    },
    "raptor-pubsub": {
      "version": "1.0.5",
      "resolved": "http://r.cnpmjs.org/raptor-pubsub/download/raptor-pubsub-1.0.5.tgz",
      "integrity": "sha1-Fe4SoOUFnsFbcv+dYeyvn0IS70c=",
      "requires": {
        "events": "^1.0.2",
        "raptor-util": "^1.0.0"
      }
    },
    "raptor-regexp": {
      "version": "1.0.1",
      "resolved": "http://r.cnpmjs.org/raptor-regexp/download/raptor-regexp-1.0.1.tgz",
      "integrity": "sha1-7PD2bGZxwM2fXkjDcFAmxVCZlcA="
    },
    "raptor-renderer": {
      "version": "1.5.0",
      "resolved": "http://r.cnpmjs.org/raptor-renderer/download/raptor-renderer-1.5.0.tgz",
      "integrity": "sha1-lYwgzm7isvfyKw80wR6CI/suT3k=",
      "requires": {
        "async-writer": "^2.0.0",
        "raptor-dom": "^1.0.0",
        "raptor-pubsub": "^1.0.2",
        "raptor-util": "^1.0.0"
      },
      "dependencies": {
        "async-writer": {
          "version": "2.1.3",
          "resolved": "http://r.cnpmjs.org/async-writer/download/async-writer-2.1.3.tgz",
          "integrity": "sha1-XCo4B8u3GwfSXX4kAhMnKvAwoo8=",
          "requires": {
            "complain": "^1.0.0",
            "events": "^1.0.2"
          }
        }
      }
    },
    "raptor-stacktraces": {
      "version": "1.0.1",
      "resolved": "http://r.cnpmjs.org/raptor-stacktraces/download/raptor-stacktraces-1.0.1.tgz",
      "integrity": "sha1-f5+ycafdza4pHGprFd3v+8wAinY="
    },
    "raptor-strings": {
      "version": "1.0.2",
      "resolved": "http://r.cnpmjs.org/raptor-strings/download/raptor-strings-1.0.2.tgz",
      "integrity": "sha1-ks4ssBU6/pBHDYA5oCVbTPM6tfw=",
      "requires": {
        "raptor-polyfill": "^1.0.1"
      }
    },
    "raptor-util": {
      "version": "1.1.2",
      "resolved": "http://r.cnpmjs.org/raptor-util/download/raptor-util-1.1.2.tgz",
      "integrity": "sha1-8u6AdqmuPq4uZWcuRqIgB0+i3/M="
    },
    "raw-body": {
      "version": "2.3.3",
      "resolved": "http://r.cnpmjs.org/raw-body/download/raw-body-2.3.3.tgz",
      "integrity": "sha1-GzJOzmtXBuFThVvBFIxlu39uoMM=",
      "requires": {
        "bytes": "3.0.0",
        "http-errors": "1.6.3",
        "iconv-lite": "0.4.23",
        "unpipe": "1.0.0"
      }
    },
    "readable-stream": {
      "version": "3.1.1",
      "resolved": "http://r.cnpmjs.org/readable-stream/download/readable-stream-3.1.1.tgz",
      "integrity": "sha1-7Wu8bFuliwkAOf8YzmcFFXla6wY=",
      "requires": {
        "inherits": "^2.0.3",
        "string_decoder": "^1.1.1",
        "util-deprecate": "^1.0.1"
      }
    },
    "resolve-from": {
      "version": "1.0.1",
      "resolved": "http://r.cnpmjs.org/resolve-from/download/resolve-from-1.0.1.tgz",
      "integrity": "sha1-Jsv+k10a7uq7Kbw/5a6wHpPUQiY="
    },
    "safe-buffer": {
      "version": "5.1.2",
      "resolved": "http://r.cnpmjs.org/safe-buffer/download/safe-buffer-5.1.2.tgz",
      "integrity": "sha1-mR7GnSluAxN0fVm9/St0XDX4go0="
    },
    "safer-buffer": {
      "version": "2.1.2",
      "resolved": "http://r.cnpmjs.org/safer-buffer/download/safer-buffer-2.1.2.tgz",
      "integrity": "sha1-RPoWGwGHuVSd2Eu5GAL5vYOFzWo="
    },
    "sax": {
      "version": "0.6.1",
      "resolved": "http://r.cnpmjs.org/sax/download/sax-0.6.1.tgz",
      "integrity": "sha1-VjsZx8HeiS4Jv8Ty/DDjwn8JUrk="
    },
    "send": {
      "version": "0.16.2",
      "resolved": "http://r.cnpmjs.org/send/download/send-0.16.2.tgz",
      "integrity": "sha1-bsyh4PjBVtFBWXVZhI32RzCmu8E=",
      "requires": {
        "debug": "2.6.9",
        "depd": "~1.1.2",
        "destroy": "~1.0.4",
        "encodeurl": "~1.0.2",
        "escape-html": "~1.0.3",
        "etag": "~1.8.1",
        "fresh": "0.5.2",
        "http-errors": "~1.6.2",
        "mime": "1.4.1",
        "ms": "2.0.0",
        "on-finished": "~2.3.0",
        "range-parser": "~1.2.0",
        "statuses": "~1.4.0"
      }
    },
    "serve-static": {
      "version": "1.13.2",
      "resolved": "http://r.cnpmjs.org/serve-static/download/serve-static-1.13.2.tgz",
      "integrity": "sha1-CV6Ecv1bRiN9tQzkhqQ/S4bGzsE=",
      "requires": {
        "encodeurl": "~1.0.2",
        "escape-html": "~1.0.3",
        "parseurl": "~1.3.2",
        "send": "0.16.2"
      }
    },
    "setprototypeof": {
      "version": "1.1.0",
      "resolved": "http://r.cnpmjs.org/setprototypeof/download/setprototypeof-1.1.0.tgz",
      "integrity": "sha1-0L2FU2iHtv58DYGMuWLZ2RxU5lY="
    },
    "sigmund": {
      "version": "1.0.1",
      "resolved": "http://r.cnpmjs.org/sigmund/download/sigmund-1.0.1.tgz",
      "integrity": "sha1-P/IfGYytIXX587eBhT/ZTQ0ZtZA="
    },
    "stackframe": {
      "version": "1.0.4",
      "resolved": "http://r.cnpmjs.org/stackframe/download/stackframe-1.0.4.tgz",
      "integrity": "sha1-NXskqZL5Qny6a1RdlqFO0svKGHs="
    },
    "statuses": {
      "version": "1.4.0",
      "resolved": "http://r.cnpmjs.org/statuses/download/statuses-1.4.0.tgz",
      "integrity": "sha1-u3PURtonlhBu/MG2AaJT1sRr0Ic="
    },
    "string_decoder": {
      "version": "1.2.0",
      "resolved": "http://r.cnpmjs.org/string_decoder/download/string_decoder-1.2.0.tgz",
      "integrity": "sha1-/obnOLGVRK/nBGkkOyoe6SQOro0=",
      "requires": {
        "safe-buffer": "~5.1.0"
      }
    },
    "through": {
      "version": "2.3.8",
      "resolved": "http://r.cnpmjs.org/through/download/through-2.3.8.tgz",
      "integrity": "sha1-DdTJ/6q8NXlgsbckEV1+Doai4fU="
    },
    "type-is": {
      "version": "1.6.16",
      "resolved": "http://r.cnpmjs.org/type-is/download/type-is-1.6.16.tgz",
      "integrity": "sha1-+JzjQVQcZysl7nrjxz3uOyvlAZQ=",
      "requires": {
        "media-typer": "0.3.0",
        "mime-types": "~2.1.18"
      }
    },
    "unpipe": {
      "version": "1.0.0",
      "resolved": "http://r.cnpmjs.org/unpipe/download/unpipe-1.0.0.tgz",
      "integrity": "sha1-sr9O6FFKrmFltIF4KdIbLvSZBOw="
    },
    "util-deprecate": {
      "version": "1.0.2",
      "resolved": "http://r.cnpmjs.org/util-deprecate/download/util-deprecate-1.0.2.tgz",
      "integrity": "sha1-RQ1Nyfpw3nMnYvvS1KKJgUGaDM8="
    },
    "utils-merge": {
      "version": "1.0.1",
      "resolved": "http://r.cnpmjs.org/utils-merge/download/utils-merge-1.0.1.tgz",
      "integrity": "sha1-n5VxD1CiZ5R7LMwSR0HBAoQn5xM="
    },
    "vary": {
      "version": "1.1.2",
      "resolved": "http://r.cnpmjs.org/vary/download/vary-1.1.2.tgz",
      "integrity": "sha1-IpnwLG3tMNSllhsLn3RSShj2NPw="
    }
  }
}
